
Microsoft Visual Studio Solution File, Format Version 12.00
# Visual Studio Version 16
VisualStudioVersion = 16.0.31729.503
MinimumVisualStudioVersion = 10.0.40219.1
Project("{FAE04EC0-301F-11D3-BF4B-00C04F79EFBC}") = "AppProvaLogicProg-Exerc-07", "AppProvaLogicProg-Exerc-07.csproj", "{689B06E8-6E95-4B29-A5DF-D5DC38DE427E}"
EndProject
Global
	GlobalSection(SolutionConfigurationPlatforms) = preSolution
		Debug|Any CPU = Debug|Any CPU
		Release|Any CPU = Release|Any CPU
	EndGlobalSection
	GlobalSection(ProjectConfigurationPlatforms) = postSolution
		{689B06E8-6E95-4B29-A5DF-D5DC38DE427E}.Debug|Any CPU.ActiveCfg = Debug|Any CPU
		{689B06E8-6E95-4B29-A5DF-D5DC38DE427E}.Debug|Any CPU.Build.0 = Debug|Any CPU
		{689B06E8-6E95-4B29-A5DF-D5DC38DE427E}.Release|Any CPU.ActiveCfg = Release|Any CPU
		{689B06E8-6E95-4B29-A5DF-D5DC38DE427E}.Release|Any CPU.Build.0 = Release|Any CPU
	EndGlobalSection
	GlobalSection(SolutionProperties) = preSolution
		HideSolutionNode = FALSE
	EndGlobalSection
	GlobalSection(ExtensibilityGlobals) = postSolution
		SolutionGuid = {181DA281-F835-49BA-804F-D5F18D0BD5FA}
	EndGlobalSection
EndGlobal
